
Microsoft Visual Studio Solution File, Format Version 12.00
# Visual Studio Version 17
VisualStudioVersion = 17.7.34031.279
MinimumVisualStudioVersion = 10.0.40219.1
Project("{FAE04EC0-301F-11D3-BF4B-00C04F79EFBC}") = "ViagemApi", "ViagemApi\ViagemApi.csproj", "{D3DFE318-4981-43DE-B0CF-BA3EA0CD52B7}"
EndProject
Global
	GlobalSection(SolutionConfigurationPlatforms) = preSolution
		Debug|Any CPU = Debug|Any CPU
		Release|Any CPU = Release|Any CPU
	EndGlobalSection
	GlobalSection(ProjectConfigurationPlatforms) = postSolution
		{D3DFE318-4981-43DE-B0CF-BA3EA0CD52B7}.Debug|Any CPU.ActiveCfg = Debug|Any CPU
		{D3DFE318-4981-43DE-B0CF-BA3EA0CD52B7}.Debug|Any CPU.Build.0 = Debug|Any CPU
		{D3DFE318-4981-43DE-B0CF-BA3EA0CD52B7}.Release|Any CPU.ActiveCfg = Release|Any CPU
		{D3DFE318-4981-43DE-B0CF-BA3EA0CD52B7}.Release|Any CPU.Build.0 = Release|Any CPU
	EndGlobalSection
	GlobalSection(SolutionProperties) = preSolution
		HideSolutionNode = FALSE
	EndGlobalSection
	GlobalSection(ExtensibilityGlobals) = postSolution
		SolutionGuid = {D4189A88-D03E-47A5-82DF-30A522B99CE0}
	EndGlobalSection
EndGlobal
